
Microsoft Visual Studio Solution File, Format Version 12.00
# Visual Studio Version 17
VisualStudioVersion = 17.1.32210.238
MinimumVisualStudioVersion = 10.0.40219.1
Project("{9A19103F-16F7-4668-BE54-9A1E7A4F7556}") = "GestionStock", "GestionStock\GestionStock.csproj", "{437A23A7-2BBE-44D0-AD85-6ED6B96730F5}"
EndProject
Project("{9A19103F-16F7-4668-BE54-9A1E7A4F7556}") = "POO", "POO\POO.csproj", "{9D4A331A-555B-4D74-96D5-74A3A2EA1625}"
EndProject
Project("{9A19103F-16F7-4668-BE54-9A1E7A4F7556}") = "PolymorphismeSurcharge", "PolymorphismeSurcharge\PolymorphismeSurcharge.csproj", "{FD69FAA1-D9A4-45AE-A2F8-16D3DAE31B26}"
EndProject
Project("{9A19103F-16F7-4668-BE54-9A1E7A4F7556}") = "ModifAcces", "ModifAcces\ModifAcces.csproj", "{F1B6198A-4966-4E03-85DD-A30484890CF9}"
EndProject
Project("{9A19103F-16F7-4668-BE54-9A1E7A4F7556}") = "TypeClasse", "TypeClasse\TypeClasse.csproj", "{3BC35804-7BDD-43DA-945E-A2AF40B37084}"
EndProject
Project("{9A19103F-16F7-4668-BE54-9A1E7A4F7556}") = "EcoleBusiness", "EcoleBusiness\EcoleBusiness.csproj", "{1B2DBABF-9572-4F36-A914-1C2926A42749}"
EndProject
Project("{9A19103F-16F7-4668-BE54-9A1E7A4F7556}") = "EcoleConsole", "EcoleConsole\EcoleConsole.csproj", "{25F2FD18-951C-44E6-8615-540F30DA72C8}"
EndProject
Project("{9A19103F-16F7-4668-BE54-9A1E7A4F7556}") = "TypeValeurTypeRef", "TypeValeurTypeRef\TypeValeurTypeRef.csproj", "{0964B747-BF4E-4E9E-A41A-92E74FD0845D}"
EndProject
Project("{9A19103F-16F7-4668-BE54-9A1E7A4F7556}") = "PlusGrdPlusPtit", "PlusGrdPlusPtit\PlusGrdPlusPtit.csproj", "{0ED90632-1423-4E9E-94BC-DCE5905B5F21}"
EndProject
Project("{9A19103F-16F7-4668-BE54-9A1E7A4F7556}") = "DirectiveEtAttribut", "DirectiveEtAttribut\DirectiveEtAttribut.csproj", "{42DC8C9E-80E8-4109-B7CD-6D22232D79CD}"
EndProject
Project("{9A19103F-16F7-4668-BE54-9A1E7A4F7556}") = "Pendu", "Pendu\Pendu.csproj", "{D7EB2A17-012F-4362-873A-A94738B77054}"
EndProject
Project("{9A19103F-16F7-4668-BE54-9A1E7A4F7556}") = "Delegue", "Delegue\Delegue.csproj", "{CCD491AC-42F4-4EE9-BC35-5B9E8DB7FA2C}"
EndProject
Project("{9A19103F-16F7-4668-BE54-9A1E7A4F7556}") = "Linq", "Linq\Linq.csproj", "{461EA6AB-7585-4041-B8AE-A582CA9A58AB}"
EndProject
Project("{9A19103F-16F7-4668-BE54-9A1E7A4F7556}") = "EcoleWinForm", "EcoleWinForm\EcoleWinForm.csproj", "{394FB512-CAC8-4639-936C-0AC2085D8A30}"
EndProject
Project("{9A19103F-16F7-4668-BE54-9A1E7A4F7556}") = "EcoleWPF", "EcoleWPF\EcoleWPF.csproj", "{E55892E4-D2A9-410F-AEF3-88BA970FE83F}"
EndProject
Project("{9A19103F-16F7-4668-BE54-9A1E7A4F7556}") = "EcoleMVC", "EcoleMVC\EcoleMVC.csproj", "{E09F47EB-3573-4954-8CD7-07B663DE58B9}"
EndProject
Project("{FAE04EC0-301F-11D3-BF4B-00C04F79EFBC}") = "EcoleBlazorServer", "EcoleBlazorServer\EcoleBlazorServer.csproj", "{DD5E47AD-4913-4F6E-9801-241052E919F0}"
EndProject
Project("{FAE04EC0-301F-11D3-BF4B-00C04F79EFBC}") = "EcoleWASM.Server", "EcoleWASM\Server\EcoleWASM.Server.csproj", "{1497BA4F-C131-4380-ABB0-15E9F4A4E0DF}"
EndProject
Project("{FAE04EC0-301F-11D3-BF4B-00C04F79EFBC}") = "EcoleWASM.Client", "EcoleWASM\Client\EcoleWASM.Client.csproj", "{8A745A98-A1F8-4179-A14F-98DC3A7A8CB5}"
EndProject
Project("{FAE04EC0-301F-11D3-BF4B-00C04F79EFBC}") = "EcoleWASM.Shared", "EcoleWASM\Shared\EcoleWASM.Shared.csproj", "{508E64F2-553C-474F-8ED4-53249BD67BDA}"
EndProject
Global
	GlobalSection(SolutionConfigurationPlatforms) = preSolution
		Debug|Any CPU = Debug|Any CPU
		Release|Any CPU = Release|Any CPU
	EndGlobalSection
	GlobalSection(ProjectConfigurationPlatforms) = postSolution
		{437A23A7-2BBE-44D0-AD85-6ED6B96730F5}.Debug|Any CPU.ActiveCfg = Debug|Any CPU
		{437A23A7-2BBE-44D0-AD85-6ED6B96730F5}.Debug|Any CPU.Build.0 = Debug|Any CPU
		{437A23A7-2BBE-44D0-AD85-6ED6B96730F5}.Release|Any CPU.ActiveCfg = Release|Any CPU
		{437A23A7-2BBE-44D0-AD85-6ED6B96730F5}.Release|Any CPU.Build.0 = Release|Any CPU
		{9D4A331A-555B-4D74-96D5-74A3A2EA1625}.Debug|Any CPU.ActiveCfg = Debug|Any CPU
		{9D4A331A-555B-4D74-96D5-74A3A2EA1625}.Debug|Any CPU.Build.0 = Debug|Any CPU
		{9D4A331A-555B-4D74-96D5-74A3A2EA1625}.Release|Any CPU.ActiveCfg = Release|Any CPU
		{9D4A331A-555B-4D74-96D5-74A3A2EA1625}.Release|Any CPU.Build.0 = Release|Any CPU
		{FD69FAA1-D9A4-45AE-A2F8-16D3DAE31B26}.Debug|Any CPU.ActiveCfg = Debug|Any CPU
		{FD69FAA1-D9A4-45AE-A2F8-16D3DAE31B26}.Debug|Any CPU.Build.0 = Debug|Any CPU
		{FD69FAA1-D9A4-45AE-A2F8-16D3DAE31B26}.Release|Any CPU.ActiveCfg = Release|Any CPU
		{FD69FAA1-D9A4-45AE-A2F8-16D3DAE31B26}.Release|Any CPU.Build.0 = Release|Any CPU
		{F1B6198A-4966-4E03-85DD-A30484890CF9}.Debug|Any CPU.ActiveCfg = Debug|Any CPU
		{F1B6198A-4966-4E03-85DD-A30484890CF9}.Debug|Any CPU.Build.0 = Debug|Any CPU
		{F1B6198A-4966-4E03-85DD-A30484890CF9}.Release|Any CPU.ActiveCfg = Release|Any CPU
		{F1B6198A-4966-4E03-85DD-A30484890CF9}.Release|Any CPU.Build.0 = Release|Any CPU
		{3BC35804-7BDD-43DA-945E-A2AF40B37084}.Debug|Any CPU.ActiveCfg = Debug|Any CPU
		{3BC35804-7BDD-43DA-945E-A2AF40B37084}.Debug|Any CPU.Build.0 = Debug|Any CPU
		{3BC35804-7BDD-43DA-945E-A2AF40B37084}.Release|Any CPU.ActiveCfg = Release|Any CPU
		{3BC35804-7BDD-43DA-945E-A2AF40B37084}.Release|Any CPU.Build.0 = Release|Any CPU
		{1B2DBABF-9572-4F36-A914-1C2926A42749}.Debug|Any CPU.ActiveCfg = Debug|Any CPU
		{1B2DBABF-9572-4F36-A914-1C2926A42749}.Debug|Any CPU.Build.0 = Debug|Any CPU
		{1B2DBABF-9572-4F36-A914-1C2926A42749}.Release|Any CPU.ActiveCfg = Release|Any CPU
		{1B2DBABF-9572-4F36-A914-1C2926A42749}.Release|Any CPU.Build.0 = Release|Any CPU
		{25F2FD18-951C-44E6-8615-540F30DA72C8}.Debug|Any CPU.ActiveCfg = Debug|Any CPU
		{25F2FD18-951C-44E6-8615-540F30DA72C8}.Debug|Any CPU.Build.0 = Debug|Any CPU
		{25F2FD18-951C-44E6-8615-540F30DA72C8}.Release|Any CPU.ActiveCfg = Release|Any CPU
		{25F2FD18-951C-44E6-8615-540F30DA72C8}.Release|Any CPU.Build.0 = Release|Any CPU
		{0964B747-BF4E-4E9E-A41A-92E74FD0845D}.Debug|Any CPU.ActiveCfg = Debug|Any CPU
		{0964B747-BF4E-4E9E-A41A-92E74FD0845D}.Debug|Any CPU.Build.0 = Debug|Any CPU
		{0964B747-BF4E-4E9E-A41A-92E74FD0845D}.Release|Any CPU.ActiveCfg = Release|Any CPU
		{0964B747-BF4E-4E9E-A41A-92E74FD0845D}.Release|Any CPU.Build.0 = Release|Any CPU
		{0ED90632-1423-4E9E-94BC-DCE5905B5F21}.Debug|Any CPU.ActiveCfg = Debug|Any CPU
		{0ED90632-1423-4E9E-94BC-DCE5905B5F21}.Debug|Any CPU.Build.0 = Debug|Any CPU
		{0ED90632-1423-4E9E-94BC-DCE5905B5F21}.Release|Any CPU.ActiveCfg = Release|Any CPU
		{0ED90632-1423-4E9E-94BC-DCE5905B5F21}.Release|Any CPU.Build.0 = Release|Any CPU
		{42DC8C9E-80E8-4109-B7CD-6D22232D79CD}.Debug|Any CPU.ActiveCfg = Debug|Any CPU
		{42DC8C9E-80E8-4109-B7CD-6D22232D79CD}.Debug|Any CPU.Build.0 = Debug|Any CPU
		{42DC8C9E-80E8-4109-B7CD-6D22232D79CD}.Release|Any CPU.ActiveCfg = Release|Any CPU
		{42DC8C9E-80E8-4109-B7CD-6D22232D79CD}.Release|Any CPU.Build.0 = Release|Any CPU
		{D7EB2A17-012F-4362-873A-A94738B77054}.Debug|Any CPU.ActiveCfg = Debug|Any CPU
		{D7EB2A17-012F-4362-873A-A94738B77054}.Debug|Any CPU.Build.0 = Debug|Any CPU
		{D7EB2A17-012F-4362-873A-A94738B77054}.Release|Any CPU.ActiveCfg = Release|Any CPU
		{D7EB2A17-012F-4362-873A-A94738B77054}.Release|Any CPU.Build.0 = Release|Any CPU
		{CCD491AC-42F4-4EE9-BC35-5B9E8DB7FA2C}.Debug|Any CPU.ActiveCfg = Debug|Any CPU
		{CCD491AC-42F4-4EE9-BC35-5B9E8DB7FA2C}.Debug|Any CPU.Build.0 = Debug|Any CPU
		{CCD491AC-42F4-4EE9-BC35-5B9E8DB7FA2C}.Release|Any CPU.ActiveCfg = Release|Any CPU
		{CCD491AC-42F4-4EE9-BC35-5B9E8DB7FA2C}.Release|Any CPU.Build.0 = Release|Any CPU
		{461EA6AB-7585-4041-B8AE-A582CA9A58AB}.Debug|Any CPU.ActiveCfg = Debug|Any CPU
		{461EA6AB-7585-4041-B8AE-A582CA9A58AB}.Debug|Any CPU.Build.0 = Debug|Any CPU
		{461EA6AB-7585-4041-B8AE-A582CA9A58AB}.Release|Any CPU.ActiveCfg = Release|Any CPU
		{461EA6AB-7585-4041-B8AE-A582CA9A58AB}.Release|Any CPU.Build.0 = Release|Any CPU
		{394FB512-CAC8-4639-936C-0AC2085D8A30}.Debug|Any CPU.ActiveCfg = Debug|Any CPU
		{394FB512-CAC8-4639-936C-0AC2085D8A30}.Debug|Any CPU.Build.0 = Debug|Any CPU
		{394FB512-CAC8-4639-936C-0AC2085D8A30}.Release|Any CPU.ActiveCfg = Release|Any CPU
		{394FB512-CAC8-4639-936C-0AC2085D8A30}.Release|Any CPU.Build.0 = Release|Any CPU
		{E55892E4-D2A9-410F-AEF3-88BA970FE83F}.Debug|Any CPU.ActiveCfg = Debug|Any CPU
		{E55892E4-D2A9-410F-AEF3-88BA970FE83F}.Debug|Any CPU.Build.0 = Debug|Any CPU
		{E55892E4-D2A9-410F-AEF3-88BA970FE83F}.Release|Any CPU.ActiveCfg = Release|Any CPU
		{E55892E4-D2A9-410F-AEF3-88BA970FE83F}.Release|Any CPU.Build.0 = Release|Any CPU
		{E09F47EB-3573-4954-8CD7-07B663DE58B9}.Debug|Any CPU.ActiveCfg = Debug|Any CPU
		{E09F47EB-3573-4954-8CD7-07B663DE58B9}.Debug|Any CPU.Build.0 = Debug|Any CPU
		{E09F47EB-3573-4954-8CD7-07B663DE58B9}.Release|Any CPU.ActiveCfg = Release|Any CPU
		{E09F47EB-3573-4954-8CD7-07B663DE58B9}.Release|Any CPU.Build.0 = Release|Any CPU
		{DD5E47AD-4913-4F6E-9801-241052E919F0}.Debug|Any CPU.ActiveCfg = Debug|Any CPU
		{DD5E47AD-4913-4F6E-9801-241052E919F0}.Debug|Any CPU.Build.0 = Debug|Any CPU
		{DD5E47AD-4913-4F6E-9801-241052E919F0}.Release|Any CPU.ActiveCfg = Release|Any CPU
		{DD5E47AD-4913-4F6E-9801-241052E919F0}.Release|Any CPU.Build.0 = Release|Any CPU
		{1497BA4F-C131-4380-ABB0-15E9F4A4E0DF}.Debug|Any CPU.ActiveCfg = Debug|Any CPU
		{1497BA4F-C131-4380-ABB0-15E9F4A4E0DF}.Debug|Any CPU.Build.0 = Debug|Any CPU
		{1497BA4F-C131-4380-ABB0-15E9F4A4E0DF}.Release|Any CPU.ActiveCfg = Release|Any CPU
		{1497BA4F-C131-4380-ABB0-15E9F4A4E0DF}.Release|Any CPU.Build.0 = Release|Any CPU
		{8A745A98-A1F8-4179-A14F-98DC3A7A8CB5}.Debug|Any CPU.ActiveCfg = Debug|Any CPU
		{8A745A98-A1F8-4179-A14F-98DC3A7A8CB5}.Debug|Any CPU.Build.0 = Debug|Any CPU
		{8A745A98-A1F8-4179-A14F-98DC3A7A8CB5}.Release|Any CPU.ActiveCfg = Release|Any CPU
		{8A745A98-A1F8-4179-A14F-98DC3A7A8CB5}.Release|Any CPU.Build.0 = Release|Any CPU
		{508E64F2-553C-474F-8ED4-53249BD67BDA}.Debug|Any CPU.ActiveCfg = Debug|Any CPU
		{508E64F2-553C-474F-8ED4-53249BD67BDA}.Debug|Any CPU.Build.0 = Debug|Any CPU
		{508E64F2-553C-474F-8ED4-53249BD67BDA}.Release|Any CPU.ActiveCfg = Release|Any CPU
		{508E64F2-553C-474F-8ED4-53249BD67BDA}.Release|Any CPU.Build.0 = Release|Any CPU
	EndGlobalSection
	GlobalSection(SolutionProperties) = preSolution
		HideSolutionNode = FALSE
	EndGlobalSection
	GlobalSection(ExtensibilityGlobals) = postSolution
		SolutionGuid = {E37FC019-F777-4561-8E86-2110461A2976}
	EndGlobalSection
EndGlobal
